
Microsoft Visual Studio Solution File, Format Version 12.00
# Visual Studio Version 17
VisualStudioVersion = 17.14.37027.9 d17.14
MinimumVisualStudioVersion = 10.0.40219.1
Project("{FAE04EC0-301F-11D3-BF4B-00C04F79EFBC}") = "matrici5", "matrici5.csproj", "{2A718CF8-AD7C-4EB2-A244-0CB97A904509}"
EndProject
Global
	GlobalSection(SolutionConfigurationPlatforms) = preSolution
		Debug|Any CPU = Debug|Any CPU
		Release|Any CPU = Release|Any CPU
	EndGlobalSection
	GlobalSection(ProjectConfigurationPlatforms) = postSolution
		{2A718CF8-AD7C-4EB2-A244-0CB97A904509}.Debug|Any CPU.ActiveCfg = Debug|Any CPU
		{2A718CF8-AD7C-4EB2-A244-0CB97A904509}.Debug|Any CPU.Build.0 = Debug|Any CPU
		{2A718CF8-AD7C-4EB2-A244-0CB97A904509}.Release|Any CPU.ActiveCfg = Release|Any CPU
		{2A718CF8-AD7C-4EB2-A244-0CB97A904509}.Release|Any CPU.Build.0 = Release|Any CPU
	EndGlobalSection
	GlobalSection(SolutionProperties) = preSolution
		HideSolutionNode = FALSE
	EndGlobalSection
	GlobalSection(ExtensibilityGlobals) = postSolution
		SolutionGuid = {AF1C06D7-89DF-4253-85B7-684995EC1C33}
	EndGlobalSection
EndGlobal
